
Microsoft Visual Studio Solution File, Format Version 12.00
# Visual Studio Version 16
VisualStudioVersion = 16.0.34301.259
MinimumVisualStudioVersion = 10.0.40219.1
Project("{8BC9CEB8-8B4A-11D0-8D11-00A0C91BC942}") = "exceptionHandling", "exceptionHandling\exceptionHandling.vcxproj", "{B7CC577A-728A-41B0-A8FC-35C4BE94B526}"
EndProject
Global
	GlobalSection(SolutionConfigurationPlatforms) = preSolution
		Debug|x64 = Debug|x64
		Debug|x86 = Debug|x86
		Release|x64 = Release|x64
		Release|x86 = Release|x86
	EndGlobalSection
	GlobalSection(ProjectConfigurationPlatforms) = postSolution
		{B7CC577A-728A-41B0-A8FC-35C4BE94B526}.Debug|x64.ActiveCfg = Debug|x64
		{B7CC577A-728A-41B0-A8FC-35C4BE94B526}.Debug|x64.Build.0 = Debug|x64
		{B7CC577A-728A-41B0-A8FC-35C4BE94B526}.Debug|x86.ActiveCfg = Debug|Win32
		{B7CC577A-728A-41B0-A8FC-35C4BE94B526}.Debug|x86.Build.0 = Debug|Win32
		{B7CC577A-728A-41B0-A8FC-35C4BE94B526}.Release|x64.ActiveCfg = Release|x64
		{B7CC577A-728A-41B0-A8FC-35C4BE94B526}.Release|x64.Build.0 = Release|x64
		{B7CC577A-728A-41B0-A8FC-35C4BE94B526}.Release|x86.ActiveCfg = Release|Win32
		{B7CC577A-728A-41B0-A8FC-35C4BE94B526}.Release|x86.Build.0 = Release|Win32
	EndGlobalSection
	GlobalSection(SolutionProperties) = preSolution
		HideSolutionNode = FALSE
	EndGlobalSection
	GlobalSection(ExtensibilityGlobals) = postSolution
		SolutionGuid = {B1175006-F93B-4942-9B08-A107E05B7C2D}
	EndGlobalSection
EndGlobal
